{
  "nodes": {
    "nixpkgs": {
      "locked": {
        "lastModified": 1690543127,
        "narHash": "sha256-ENTvKNqev4x9a5gDpY/2wY/DQsnl/mfvlOz1OwIEBUc=",
        "owner": "nixos",
        "repo": "nixpkgs",
        "rev": "6c05a4c70ca92a313486e4a54d47489b6c05c7e5",
        "type": "github"
      },
      "original": {
        "owner": "nixos",
        "ref": "master",
        "repo": "nixpkgs",
        "type": "github"
      }
    },
    "root": {
      "inputs": {
        "nixpkgs": "nixpkgs"
      }
    }
  },
  "root": "root",
  "version": 7
}
